
Microsoft Visual Studio Solution File, Format Version 12.00
# Visual Studio Version 16
VisualStudioVersion = 16.0.31424.327
MinimumVisualStudioVersion = 10.0.40219.1
Project("{FAE04EC0-301F-11D3-BF4B-00C04F79EFBC}") = "CollezioneCD", "CollezioneCD.csproj", "{0A6678C6-580C-47F4-B8DC-AADD5C5B803C}"
EndProject
Global
	GlobalSection(SolutionConfigurationPlatforms) = preSolution
		Debug|Any CPU = Debug|Any CPU
		Release|Any CPU = Release|Any CPU
	EndGlobalSection
	GlobalSection(ProjectConfigurationPlatforms) = postSolution
		{0A6678C6-580C-47F4-B8DC-AADD5C5B803C}.Debug|Any CPU.ActiveCfg = Debug|Any CPU
		{0A6678C6-580C-47F4-B8DC-AADD5C5B803C}.Debug|Any CPU.Build.0 = Debug|Any CPU
		{0A6678C6-580C-47F4-B8DC-AADD5C5B803C}.Release|Any CPU.ActiveCfg = Release|Any CPU
		{0A6678C6-580C-47F4-B8DC-AADD5C5B803C}.Release|Any CPU.Build.0 = Release|Any CPU
	EndGlobalSection
	GlobalSection(SolutionProperties) = preSolution
		HideSolutionNode = FALSE
	EndGlobalSection
	GlobalSection(ExtensibilityGlobals) = postSolution
		SolutionGuid = {465AAA8C-8FE0-45E1-9B58-EB9EAE6D96E4}
	EndGlobalSection
EndGlobal
